// !$*UTF8*$!
{
	archiveVersion = 1;
	classes = {
	};
	objectVersion = 46;
	objects = {

/* Begin PBXBuildFile section */
		3FED15FB1D48705300D96059 /* main.m in Sources */ = {isa = PBXBuildFile; fileRef = 3FED15FA1D48705300D96059 /* main.m */; };
		3FED15FE1D48705300D96059 /* AppDelegate.m in Sources */ = {isa = PBXBuildFile; fileRef = 3FED15FD1D48705300D96059 /* AppDelegate.m */; };
		3FED16011D48705300D96059 /* ViewController.m in Sources */ = {isa = PBXBuildFile; fileRef = 3FED16001D48705300D96059 /* ViewController.m */; };
		3FED16041D48705300D96059 /* Main.storyboard in Resources */ = {isa = PBXBuildFile; fileRef = 3FED16021D48705300D96059 /* Main.storyboard */; };
		3FED16061D48705300D96059 /* Assets.xcassets in Resources */ = {isa = PBXBuildFile; fileRef = 3FED16051D48705300D96059 /* Assets.xcassets */; };
		3FED16091D48705300D96059 /* LaunchScreen.storyboard in Resources */ = {isa = PBXBuildFile; fileRef = 3FED16071D48705300D96059 /* LaunchScreen.storyboard */; };
		3FED16111D48706E00D96059 /* movieStars.xml in Resources */ = {isa = PBXBuildFile; fileRef = 3FED16101D48706E00D96059 /* movieStars.xml */; };
		3FED16141D48829100D96059 /* TableViewController.m in Sources */ = {isa = PBXBuildFile; fileRef = 3FED16131D48829100D96059 /* TableViewController.m */; };
		3FF2425C1D4891AB00D55BCB /* kabali.jpeg in Resources */ = {isa = PBXBuildFile; fileRef = 3FF2425B1D4891AB00D55BCB /* kabali.jpeg */; };
		3FF2425E1D4897B600D55BCB /* imgres.png in Resources */ = {isa = PBXBuildFile; fileRef = 3FF2425D1D4897B600D55BCB /* imgres.png */; };
		3FF242601D489A7100D55BCB /* Big_Hero_6_Logo.png in Resources */ = {isa = PBXBuildFile; fileRef = 3FF2425F1D489A7100D55BCB /* Big_Hero_6_Logo.png */; };
/* End PBXBuildFile section */

/* Begin PBXFileReference section */
		3FED15F61D48705300D96059 /* xmlLocalDataStoring.app */ = {isa = PBXFileReference; explicitFileType = wrapper.application; includeInIndex = 0; path = xmlLocalDataStoring.app; sourceTree = BUILT_PRODUCTS_DIR; };
		3FED15FA1D48705300D96059 /* main.m */ = {isa = PBXFileReference; lastKnownFileType = sourcecode.c.objc; path = main.m; sourceTree = "<group>"; };
		3FED15FC1D48705300D96059 /* AppDelegate.h */ = {isa = PBXFileReference; lastKnownFileType = sourcecode.c.h; path = AppDelegate.h; sourceTree = "<group>"; };
		3FED15FD1D48705300D96059 /* AppDelegate.m */ = {isa = PBXFileReference; lastKnownFileType = sourcecode.c.objc; path = AppDelegate.m; sourceTree = "<group>"; };
		3FED15FF1D48705300D96059 /* ViewController.h */ = {isa = PBXFileReference; lastKnownFileType = sourcecode.c.h; path = ViewController.h; sourceTree = "<group>"; };
		3FED16001D48705300D96059 /* ViewController.m */ = {isa = PBXFileReference; lastKnownFileType = sourcecode.c.objc; path = ViewController.m; sourceTree = "<group>"; };
		3FED16031D48705300D96059 /* Base */ = {isa = PBXFileReference; lastKnownFileType = file.storyboard; name = Base; path = Base.lproj/Main.storyboard; sourceTree = "<group>"; };
		3FED16051D48705300D96059 /* Assets.xcassets */ = {isa = PBXFileReference; lastKnownFileType = folder.assetcatalog; path = Assets.xcassets; sourceTree = "<group>"; };
		3FED16081D48705300D96059 /* Base */ = {isa = PBXFileReference; lastKnownFileType = file.storyboard; name = Base; path = Base.lproj/LaunchScreen.storyboard; sourceTree = "<group>"; };
		3FED160A1D48705300D96059 /* Info.plist */ = {isa = PBXFileReference; lastKnownFileType = text.plist.xml; path = Info.plist; sourceTree = "<group>"; };
		3FED16101D48706E00D96059 /* movieStars.xml */ = {isa = PBXFileReference; fileEncoding = 4; lastKnownFileType = text.xml; path = movieStars.xml; sourceTree = "<group>"; };
		3FED16121D48829100D96059 /* TableViewController.h */ = {isa = PBXFileReference; fileEncoding = 4; lastKnownFileType = sourcecode.c.h; path = TableViewController.h; sourceTree = "<group>"; };
		3FED16131D48829100D96059 /* TableViewController.m */ = {isa = PBXFileReference; fileEncoding = 4; lastKnownFileType = sourcecode.c.objc; path = TableViewController.m; sourceTree = "<group>"; };
		3FF2425B1D4891AB00D55BCB /* kabali.jpeg */ = {isa = PBXFileReference; lastKnownFileType = image.jpeg; path = kabali.jpeg; sourceTree = "<group>"; };
		3FF2425D1D4897B600D55BCB /* imgres.png */ = {isa = PBXFileReference; lastKnownFileType = image.png; path = imgres.png; sourceTree = "<group>"; };
		3FF2425F1D489A7100D55BCB /* Big_Hero_6_Logo.png */ = {isa = PBXFileReference; lastKnownFileType = image.png; path = Big_Hero_6_Logo.png; sourceTree = "<group>"; };
/* End PBXFileReference section */

/* Begin PBXFrameworksBuildPhase section */
		3FED15F31D48705300D96059 /* Frameworks */ = {
			isa = PBXFrameworksBuildPhase;
			buildActionMask = 2147483647;
			files = (
			);
			runOnlyForDeploymentPostprocessing = 0;
		};
/* End PBXFrameworksBuildPhase section */

/* Begin PBXGroup section */
		3FED15ED1D48705300D96059 = {
			isa = PBXGroup;
			children = (
				3FED15F81D48705300D96059 /* xmlLocalDataStoring */,
				3FED15F71D48705300D96059 /* Products */,
			);
			sourceTree = "<group>";
		};
		3FED15F71D48705300D96059 /* Products */ = {
			isa = PBXGroup;
			children = (
				3FED15F61D48705300D96059 /* xmlLocalDataStoring.app */,
			);
			name = Products;
			sourceTree = "<group>";
		};
		3FED15F81D48705300D96059 /* xmlLocalDataStoring */ = {
			isa = PBXGroup;
			children = (
				3FED15FC1D48705300D96059 /* AppDelegate.h */,
				3FED15FD1D48705300D96059 /* AppDelegate.m */,
				3FED15FF1D48705300D96059 /* ViewController.h */,
				3FED16001D48705300D96059 /* ViewController.m */,
				3FED16121D48829100D96059 /* TableViewController.h */,
				3FED16131D48829100D96059 /* TableViewController.m */,
				3FED16021D48705300D96059 /* Main.storyboard */,
				3FED16051D48705300D96059 /* Assets.xcassets */,
				3FED16071D48705300D96059 /* LaunchScreen.storyboard */,
				3FED160A1D48705300D96059 /* Info.plist */,
				3FED15F91D48705300D96059 /* Supporting Files */,
				3FED16101D48706E00D96059 /* movieStars.xml */,
			);
			path = xmlLocalDataStoring;
			sourceTree = "<group>";
		};
		3FED15F91D48705300D96059 /* Supporting Files */ = {
			isa = PBXGroup;
			children = (
				3FF2425B1D4891AB00D55BCB /* kabali.jpeg */,
				3FF2425F1D489A7100D55BCB /* Big_Hero_6_Logo.png */,
				3FF2425D1D4897B600D55BCB /* imgres.png */,
				3FED15FA1D48705300D96059 /* main.m */,
			);
			name = "Supporting Files";
			sourceTree = "<group>";
		};
/* End PBXGroup section */

/* Begin PBXNativeTarget section */
		3FED15F51D48705300D96059 /* xmlLocalDataStoring */ = {
			isa = PBXNativeTarget;
			buildConfigurationList = 3FED160D1D48705300D96059 /* Build configuration list for PBXNativeTarget "xmlLocalDataStoring" */;
			buildPhases = (
				3FED15F21D48705300D96059 /* Sources */,
				3FED15F31D48705300D96059 /* Frameworks */,
				3FED15F41D48705300D96059 /* Resources */,
			);
			buildRules = (
			);
			dependencies = (
			);
			name = xmlLocalDataStoring;
			productName = xmlLocalDataStoring;
			productReference = 3FED15F61D48705300D96059 /* xmlLocalDataStoring.app */;
			productType = "com.apple.product-type.application";
		};
/* End PBXNativeTarget section */

/* Begin PBXProject section */
		3FED15EE1D48705300D96059 /* Project object */ = {
			isa = PBXProject;
			attributes = {
				LastUpgradeCheck = 0720;
				ORGANIZATIONNAME = learning;
				TargetAttributes = {
					3FED15F51D48705300D96059 = {
						CreatedOnToolsVersion = 7.2.1;
					};
				};
			};
			buildConfigurationList = 3FED15F11D48705300D96059 /* Build configuration list for PBXProject "xmlLocalDataStoring" */;
			compatibilityVersion = "Xcode 3.2";
			developmentRegion = English;
			hasScannedForEncodings = 0;
			knownRegions = (
				en,
				Base,
			);
			mainGroup = 3FED15ED1D48705300D96059;
			productRefGroup = 3FED15F71D48705300D96059 /* Products */;
			projectDirPath = "";
			projectRoot = "";
			targets = (
				3FED15F51D48705300D96059 /* xmlLocalDataStoring */,
			);
		};
/* End PBXProject section */

/* Begin PBXResourcesBuildPhase section */
		3FED15F41D48705300D96059 /* Resources */ = {
			isa = PBXResourcesBuildPhase;
			buildActionMask = 2147483647;
			files = (
				3FF2425E1D4897B600D55BCB /* imgres.png in Resources */,
				3FF242601D489A7100D55BCB /* Big_Hero_6_Logo.png in Resources */,
				3FED16091D48705300D96059 /* LaunchScreen.storyboard in Resources */,
				3FED16061D48705300D96059 /* Assets.xcassets in Resources */,
				3FED16111D48706E00D96059 /* movieStars.xml in Resources */,
				3FF2425C1D4891AB00D55BCB /* kabali.jpeg in Resources */,
				3FED16041D48705300D96059 /* Main.storyboard in Resources */,
			);
			runOnlyForDeploymentPostprocessing = 0;
		};
/* End PBXResourcesBuildPhase section */

/* Begin PBXSourcesBuildPhase section */
		3FED15F21D48705300D96059 /* Sources */ = {
			isa = PBXSourcesBuildPhase;
			buildActionMask = 2147483647;
			files = (
				3FED16011D48705300D96059 /* ViewController.m in Sources */,
				3FED15FE1D48705300D96059 /* AppDelegate.m in Sources */,
				3FED15FB1D48705300D96059 /* main.m in Sources */,
				3FED16141D48829100D96059 /* TableViewController.m in Sources */,
			);
			runOnlyForDeploymentPostprocessing = 0;
		};
/* End PBXSourcesBuildPhase section */

/* Begin PBXVariantGroup section */
		3FED16021D48705300D96059 /* Main.storyboard */ = {
			isa = PBXVariantGroup;
			children = (
				3FED16031D48705300D96059 /* Base */,
			);
			name = Main.storyboard;
			sourceTree = "<group>";
		};
		3FED16071D48705300D96059 /* LaunchScreen.storyboard */ = {
			isa = PBXVariantGroup;
			children = (
				3FED16081D48705300D96059 /* Base */,
			);
			name = LaunchScreen.storyboard;
			sourceTree = "<group>";
		};
/* End PBXVariantGroup section */

/* Begin XCBuildConfiguration section */
		3FED160B1D48705300D96059 /* Debug */ = {
			isa = XCBuildConfiguration;
			buildSettings = {
				ALWAYS_SEARCH_USER_PATHS = NO;
				CLANG_CXX_LANGUAGE_STANDARD = "gnu++0x";
				CLANG_CXX_LIBRARY = "libc++";
				CLANG_ENABLE_MODULES = YES;
				CLANG_ENABLE_OBJC_ARC = YES;
				CLANG_WARN_BOOL_CONVERSION = YES;
				CLANG_WARN_CONSTANT_CONVERSION = YES;
				CLANG_WARN_DIRECT_OBJC_ISA_USAGE = YES_ERROR;
				CLANG_WARN_EMPTY_BODY = YES;
				CLANG_WARN_ENUM_CONVERSION = YES;
				CLANG_WARN_INT_CONVERSION = YES;
				CLANG_WARN_OBJC_ROOT_CLASS = YES_ERROR;
				CLANG_WARN_UNREACHABLE_CODE = YES;
				CLANG_WARN__DUPLICATE_METHOD_MATCH = YES;
				"CODE_SIGN_IDENTITY[sdk=iphoneos*]" = "iPhone Developer";
				COPY_PHASE_STRIP = NO;
				DEBUG_INFORMATION_FORMAT = dwarf;
				ENABLE_STRICT_OBJC_MSGSEND = YES;
				ENABLE_TESTABILITY = YES;
				GCC_C_LANGUAGE_STANDARD = gnu99;
				GCC_DYNAMIC_NO_PIC = NO;
				GCC_NO_COMMON_BLOCKS = YES;
				GCC_OPTIMIZATION_LEVEL = 0;
				GCC_PREPROCESSOR_DEFINITIONS = (
					"DEBUG=1",
					"$(inherited)",
				);
				GCC_WARN_64_TO_32_BIT_CONVERSION = YES;
				GCC_WARN_ABOUT_RETURN_TYPE = YES_ERROR;
				GCC_WARN_UNDECLARED_SELECTOR = YES;
				GCC_WARN_UNINITIALIZED_AUTOS = YES_AGGRESSIVE;
				GCC_WARN_UNUSED_FUNCTION = YES;
				GCC_WARN_UNUSED_VARIABLE = YES;
				IPHONEOS_DEPLOYMENT_TARGET = 9.2;
				MTL_ENABLE_DEBUG_INFO = YES;
				ONLY_ACTIVE_ARCH = YES;
				SDKROOT = iphoneos;
			};
			name = Debug;
		};
		3FED160C1D48705300D96059 /* Release */ = {
			isa = XCBuildConfiguration;
			buildSettings = {
				ALWAYS_SEARCH_USER_PATHS = NO;
				CLANG_CXX_LANGUAGE_STANDARD = "gnu++0x";
				CLANG_CXX_LIBRARY = "libc++";
				CLANG_ENABLE_MODULES = YES;
				CLANG_ENABLE_OBJC_ARC = YES;
				CLANG_WARN_BOOL_CONVERSION = YES;
				CLANG_WARN_CONSTANT_CONVERSION = YES;
				CLANG_WARN_DIRECT_OBJC_ISA_USAGE = YES_ERROR;
				CLANG_WARN_EMPTY_BODY = YES;
				CLANG_WARN_ENUM_CONVERSION = YES;
				CLANG_WARN_INT_CONVERSION = YES;
				CLANG_WARN_OBJC_ROOT_CLASS = YES_ERROR;
				CLANG_WARN_UNREACHABLE_CODE = YES;
				CLANG_WARN__DUPLICATE_METHOD_MATCH = YES;
				"CODE_SIGN_IDENTITY[sdk=iphoneos*]" = "iPhone Developer";
				COPY_PHASE_STRIP = NO;
				DEBUG_INFORMATION_FORMAT = "dwarf-with-dsym";
				ENABLE_NS_ASSERTIONS = NO;
				ENABLE_STRICT_OBJC_MSGSEND = YES;
				GCC_C_LANGUAGE_STANDARD = gnu99;
				GCC_NO_COMMON_BLOCKS = YES;
				GCC_WARN_64_TO_32_BIT_CONVERSION = YES;
				GCC_WARN_ABOUT_RETURN_TYPE = YES_ERROR;
				GCC_WARN_UNDECLARED_SELECTOR = YES;
				GCC_WARN_UNINITIALIZED_AUTOS = YES_AGGRESSIVE;
				GCC_WARN_UNUSED_FUNCTION = YES;
				GCC_WARN_UNUSED_VARIABLE = YES;
				IPHONEOS_DEPLOYMENT_TARGET = 9.2;
				MTL_ENABLE_DEBUG_INFO = NO;
				SDKROOT = iphoneos;
				VALIDATE_PRODUCT = YES;
			};
			name = Release;
		};
		3FED160E1D48705300D96059 /* Debug */ = {
			isa = XCBuildConfiguration;
			buildSettings = {
				ASSETCATALOG_COMPILER_APPICON_NAME = AppIcon;
				INFOPLIST_FILE = xmlLocalDataStoring/Info.plist;
				LD_RUNPATH_SEARCH_PATHS = "$(inherited) @executable_path/Frameworks";
				PRODUCT_BUNDLE_IDENTIFIER = com.learning.xmlLocalDataStoring;
				PRODUCT_NAME = "$(TARGET_NAME)";
			};
			name = Debug;
		};
		3FED160F1D48705300D96059 /* Release */ = {
			isa = XCBuildConfiguration;
			buildSettings = {
				ASSETCATALOG_COMPILER_APPICON_NAME = AppIcon;
				INFOPLIST_FILE = xmlLocalDataStoring/Info.plist;
				LD_RUNPATH_SEARCH_PATHS = "$(inherited) @executable_path/Frameworks";
				PRODUCT_BUNDLE_IDENTIFIER = com.learning.xmlLocalDataStoring;
				PRODUCT_NAME = "$(TARGET_NAME)";
			};
			name = Release;
		};
/* End XCBuildConfiguration section */

/* Begin XCConfigurationList section */
		3FED15F11D48705300D96059 /* Build configuration list for PBXProject "xmlLocalDataStoring" */ = {
			isa = XCConfigurationList;
			buildConfigurations = (
				3FED160B1D48705300D96059 /* Debug */,
				3FED160C1D48705300D96059 /* Release */,
			);
			defaultConfigurationIsVisible = 0;
			defaultConfigurationName = Release;
		};
		3FED160D1D48705300D96059 /* Build configuration list for PBXNativeTarget "xmlLocalDataStoring" */ = {
			isa = XCConfigurationList;
			buildConfigurations = (
				3FED160E1D48705300D96059 /* Debug */,
				3FED160F1D48705300D96059 /* Release */,
			);
			defaultConfigurationIsVisible = 0;
			defaultConfigurationName = Release;
		};
/* End XCConfigurationList section */
	};
	rootObject = 3FED15EE1D48705300D96059 /* Project object */;
}
